// !$*UTF8*$!
{
	archiveVersion = 1;
	classes = {
	};
	objectVersion = 51;
	objects = {

/* Begin PBXBuildFile section */
		AD3E61F56881B9FE60AB1D0A /* Pods_MapKit_2_10.framework in Frameworks */ = {isa = PBXBuildFile; fileRef = C3546F2CD29937645EB999C6 /* Pods_MapKit_2_10.framework */; };
		F7DA6C742434C9040029C4A0 /* AppDelegate.swift in Sources */ = {isa = PBXBuildFile; fileRef = F7DA6C732434C9040029C4A0 /* AppDelegate.swift */; };
		F7DA6C762434C9040029C4A0 /* SceneDelegate.swift in Sources */ = {isa = PBXBuildFile; fileRef = F7DA6C752434C9040029C4A0 /* SceneDelegate.swift */; };
		F7DA6C782434C9040029C4A0 /* YandexMapViewController.swift in Sources */ = {isa = PBXBuildFile; fileRef = F7DA6C772434C9040029C4A0 /* YandexMapViewController.swift */; };
		F7DA6C7B2434C9040029C4A0 /* Main.storyboard in Resources */ = {isa = PBXBuildFile; fileRef = F7DA6C792434C9040029C4A0 /* Main.storyboard */; };
		F7DA6C7D2434C9080029C4A0 /* Assets.xcassets in Resources */ = {isa = PBXBuildFile; fileRef = F7DA6C7C2434C9080029C4A0 /* Assets.xcassets */; };
		F7DA6C802434C9080029C4A0 /* LaunchScreen.storyboard in Resources */ = {isa = PBXBuildFile; fileRef = F7DA6C7E2434C9080029C4A0 /* LaunchScreen.storyboard */; };
		F7DA6C882434E71B0029C4A0 /* GoogleMapViewController.swift in Sources */ = {isa = PBXBuildFile; fileRef = F7DA6C872434E71B0029C4A0 /* GoogleMapViewController.swift */; };
		F7DA6C8A2434E7280029C4A0 /* AppleMapViewController.swift in Sources */ = {isa = PBXBuildFile; fileRef = F7DA6C892434E7280029C4A0 /* AppleMapViewController.swift */; };
		F7DA6C8E2435F3660029C4A0 /* DataModel.swift in Sources */ = {isa = PBXBuildFile; fileRef = F7DA6C8D2435F3660029C4A0 /* DataModel.swift */; };
		F7DA6C922436250E0029C4A0 /* kremlin.geojson in Resources */ = {isa = PBXBuildFile; fileRef = F7DA6C912436250E0029C4A0 /* kremlin.geojson */; };
/* End PBXBuildFile section */

/* Begin PBXFileReference section */
		15470AC1B843F2338D6824C6 /* Pods-MapKit_2_10.debug.xcconfig */ = {isa = PBXFileReference; includeInIndex = 1; lastKnownFileType = text.xcconfig; name = "Pods-MapKit_2_10.debug.xcconfig"; path = "Target Support Files/Pods-MapKit_2_10/Pods-MapKit_2_10.debug.xcconfig"; sourceTree = "<group>"; };
		52C656E4FB70D7C5A959A20E /* Pods-MapKit_2_10.release.xcconfig */ = {isa = PBXFileReference; includeInIndex = 1; lastKnownFileType = text.xcconfig; name = "Pods-MapKit_2_10.release.xcconfig"; path = "Target Support Files/Pods-MapKit_2_10/Pods-MapKit_2_10.release.xcconfig"; sourceTree = "<group>"; };
		C3546F2CD29937645EB999C6 /* Pods_MapKit_2_10.framework */ = {isa = PBXFileReference; explicitFileType = wrapper.framework; includeInIndex = 0; path = Pods_MapKit_2_10.framework; sourceTree = BUILT_PRODUCTS_DIR; };
		F7DA6C702434C9040029C4A0 /* MapKit_2_10.app */ = {isa = PBXFileReference; explicitFileType = wrapper.application; includeInIndex = 0; path = MapKit_2_10.app; sourceTree = BUILT_PRODUCTS_DIR; };
		F7DA6C732434C9040029C4A0 /* AppDelegate.swift */ = {isa = PBXFileReference; lastKnownFileType = sourcecode.swift; path = AppDelegate.swift; sourceTree = "<group>"; };
		F7DA6C752434C9040029C4A0 /* SceneDelegate.swift */ = {isa = PBXFileReference; lastKnownFileType = sourcecode.swift; path = SceneDelegate.swift; sourceTree = "<group>"; };
		F7DA6C772434C9040029C4A0 /* YandexMapViewController.swift */ = {isa = PBXFileReference; lastKnownFileType = sourcecode.swift; path = YandexMapViewController.swift; sourceTree = "<group>"; };
		F7DA6C7A2434C9040029C4A0 /* Base */ = {isa = PBXFileReference; lastKnownFileType = file.storyboard; name = Base; path = Base.lproj/Main.storyboard; sourceTree = "<group>"; };
		F7DA6C7C2434C9080029C4A0 /* Assets.xcassets */ = {isa = PBXFileReference; lastKnownFileType = folder.assetcatalog; path = Assets.xcassets; sourceTree = "<group>"; };
		F7DA6C7F2434C9080029C4A0 /* Base */ = {isa = PBXFileReference; lastKnownFileType = file.storyboard; name = Base; path = Base.lproj/LaunchScreen.storyboard; sourceTree = "<group>"; };
		F7DA6C812434C9080029C4A0 /* Info.plist */ = {isa = PBXFileReference; lastKnownFileType = text.plist.xml; path = Info.plist; sourceTree = "<group>"; };
		F7DA6C872434E71B0029C4A0 /* GoogleMapViewController.swift */ = {isa = PBXFileReference; lastKnownFileType = sourcecode.swift; path = GoogleMapViewController.swift; sourceTree = "<group>"; };
		F7DA6C892434E7280029C4A0 /* AppleMapViewController.swift */ = {isa = PBXFileReference; lastKnownFileType = sourcecode.swift; path = AppleMapViewController.swift; sourceTree = "<group>"; };
		F7DA6C8D2435F3660029C4A0 /* DataModel.swift */ = {isa = PBXFileReference; lastKnownFileType = sourcecode.swift; path = DataModel.swift; sourceTree = "<group>"; };
		F7DA6C912436250E0029C4A0 /* kremlin.geojson */ = {isa = PBXFileReference; fileEncoding = 4; lastKnownFileType = text; path = kremlin.geojson; sourceTree = "<group>"; };
/* End PBXFileReference section */

/* Begin PBXFrameworksBuildPhase section */
		F7DA6C6D2434C9040029C4A0 /* Frameworks */ = {
			isa = PBXFrameworksBuildPhase;
			buildActionMask = 2147483647;
			files = (
				AD3E61F56881B9FE60AB1D0A /* Pods_MapKit_2_10.framework in Frameworks */,
			);
			runOnlyForDeploymentPostprocessing = 0;
		};
/* End PBXFrameworksBuildPhase section */

/* Begin PBXGroup section */
		8A1ECB7CE267BCDD6C28F7EA /* Pods */ = {
			isa = PBXGroup;
			children = (
				15470AC1B843F2338D6824C6 /* Pods-MapKit_2_10.debug.xcconfig */,
				52C656E4FB70D7C5A959A20E /* Pods-MapKit_2_10.release.xcconfig */,
			);
			path = Pods;
			sourceTree = "<group>";
		};
		91600ED8CBBD6F8D3C51C33A /* Frameworks */ = {
			isa = PBXGroup;
			children = (
				C3546F2CD29937645EB999C6 /* Pods_MapKit_2_10.framework */,
			);
			name = Frameworks;
			sourceTree = "<group>";
		};
		F7DA6C672434C9040029C4A0 = {
			isa = PBXGroup;
			children = (
				F7DA6C722434C9040029C4A0 /* MapKit_2_10 */,
				F7DA6C712434C9040029C4A0 /* Products */,
				8A1ECB7CE267BCDD6C28F7EA /* Pods */,
				91600ED8CBBD6F8D3C51C33A /* Frameworks */,
			);
			sourceTree = "<group>";
		};
		F7DA6C712434C9040029C4A0 /* Products */ = {
			isa = PBXGroup;
			children = (
				F7DA6C702434C9040029C4A0 /* MapKit_2_10.app */,
			);
			name = Products;
			sourceTree = "<group>";
		};
		F7DA6C722434C9040029C4A0 /* MapKit_2_10 */ = {
			isa = PBXGroup;
			children = (
				F7DA6C732434C9040029C4A0 /* AppDelegate.swift */,
				F7DA6C7C2434C9080029C4A0 /* Assets.xcassets */,
				F7DA6C8B2435F3240029C4A0 /* Controller */,
				F7DA6C812434C9080029C4A0 /* Info.plist */,
				F7DA6C912436250E0029C4A0 /* kremlin.geojson */,
				F7DA6C7E2434C9080029C4A0 /* LaunchScreen.storyboard */,
				F7DA6C792434C9040029C4A0 /* Main.storyboard */,
				F7DA6C8C2435F34A0029C4A0 /* Model */,
				F7DA6C752434C9040029C4A0 /* SceneDelegate.swift */,
			);
			path = MapKit_2_10;
			sourceTree = "<group>";
		};
		F7DA6C8B2435F3240029C4A0 /* Controller */ = {
			isa = PBXGroup;
			children = (
				F7DA6C892434E7280029C4A0 /* AppleMapViewController.swift */,
				F7DA6C872434E71B0029C4A0 /* GoogleMapViewController.swift */,
				F7DA6C772434C9040029C4A0 /* YandexMapViewController.swift */,
			);
			path = Controller;
			sourceTree = "<group>";
		};
		F7DA6C8C2435F34A0029C4A0 /* Model */ = {
			isa = PBXGroup;
			children = (
				F7DA6C8D2435F3660029C4A0 /* DataModel.swift */,
			);
			path = Model;
			sourceTree = "<group>";
		};
/* End PBXGroup section */

/* Begin PBXNativeTarget section */
		F7DA6C6F2434C9040029C4A0 /* MapKit_2_10 */ = {
			isa = PBXNativeTarget;
			buildConfigurationList = F7DA6C842434C9080029C4A0 /* Build configuration list for PBXNativeTarget "MapKit_2_10" */;
			buildPhases = (
				9920E2539701EB7FA8300552 /* [CP] Check Pods Manifest.lock */,
				F7DA6C6C2434C9040029C4A0 /* Sources */,
				F7DA6C6D2434C9040029C4A0 /* Frameworks */,
				F7DA6C6E2434C9040029C4A0 /* Resources */,
				3A09A94613933582897C5BB8 /* [CP] Copy Pods Resources */,
			);
			buildRules = (
			);
			dependencies = (
			);
			name = MapKit_2_10;
			productName = MapKit_2_10;
			productReference = F7DA6C702434C9040029C4A0 /* MapKit_2_10.app */;
			productType = "com.apple.product-type.application";
		};
/* End PBXNativeTarget section */

/* Begin PBXProject section */
		F7DA6C682434C9040029C4A0 /* Project object */ = {
			isa = PBXProject;
			attributes = {
				LastSwiftUpdateCheck = 1140;
				LastUpgradeCheck = 1140;
				ORGANIZATIONNAME = LY;
				TargetAttributes = {
					F7DA6C6F2434C9040029C4A0 = {
						CreatedOnToolsVersion = 11.4;
					};
				};
			};
			buildConfigurationList = F7DA6C6B2434C9040029C4A0 /* Build configuration list for PBXProject "MapKit_2_10" */;
			compatibilityVersion = "Xcode 9.3";
			developmentRegion = en;
			hasScannedForEncodings = 0;
			knownRegions = (
				en,
				Base,
			);
			mainGroup = F7DA6C672434C9040029C4A0;
			productRefGroup = F7DA6C712434C9040029C4A0 /* Products */;
			projectDirPath = "";
			projectRoot = "";
			targets = (
				F7DA6C6F2434C9040029C4A0 /* MapKit_2_10 */,
			);
		};
/* End PBXProject section */

/* Begin PBXResourcesBuildPhase section */
		F7DA6C6E2434C9040029C4A0 /* Resources */ = {
			isa = PBXResourcesBuildPhase;
			buildActionMask = 2147483647;
			files = (
				F7DA6C802434C9080029C4A0 /* LaunchScreen.storyboard in Resources */,
				F7DA6C7D2434C9080029C4A0 /* Assets.xcassets in Resources */,
				F7DA6C7B2434C9040029C4A0 /* Main.storyboard in Resources */,
				F7DA6C922436250E0029C4A0 /* kremlin.geojson in Resources */,
			);
			runOnlyForDeploymentPostprocessing = 0;
		};
/* End PBXResourcesBuildPhase section */

/* Begin PBXShellScriptBuildPhase section */
		3A09A94613933582897C5BB8 /* [CP] Copy Pods Resources */ = {
			isa = PBXShellScriptBuildPhase;
			buildActionMask = 2147483647;
			files = (
			);
			inputFileListPaths = (
				"${PODS_ROOT}/Target Support Files/Pods-MapKit_2_10/Pods-MapKit_2_10-resources-${CONFIGURATION}-input-files.xcfilelist",
			);
			name = "[CP] Copy Pods Resources";
			outputFileListPaths = (
				"${PODS_ROOT}/Target Support Files/Pods-MapKit_2_10/Pods-MapKit_2_10-resources-${CONFIGURATION}-output-files.xcfilelist",
			);
			runOnlyForDeploymentPostprocessing = 0;
			shellPath = /bin/sh;
			shellScript = "\"${PODS_ROOT}/Target Support Files/Pods-MapKit_2_10/Pods-MapKit_2_10-resources.sh\"\n";
			showEnvVarsInLog = 0;
		};
		9920E2539701EB7FA8300552 /* [CP] Check Pods Manifest.lock */ = {
			isa = PBXShellScriptBuildPhase;
			buildActionMask = 2147483647;
			files = (
			);
			inputFileListPaths = (
			);
			inputPaths = (
				"${PODS_PODFILE_DIR_PATH}/Podfile.lock",
				"${PODS_ROOT}/Manifest.lock",
			);
			name = "[CP] Check Pods Manifest.lock";
			outputFileListPaths = (
			);
			outputPaths = (
				"$(DERIVED_FILE_DIR)/Pods-MapKit_2_10-checkManifestLockResult.txt",
			);
			runOnlyForDeploymentPostprocessing = 0;
			shellPath = /bin/sh;
			shellScript = "diff \"${PODS_PODFILE_DIR_PATH}/Podfile.lock\" \"${PODS_ROOT}/Manifest.lock\" > /dev/null\nif [ $? != 0 ] ; then\n    # print error to STDERR\n    echo \"error: The sandbox is not in sync with the Podfile.lock. Run 'pod install' or update your CocoaPods installation.\" >&2\n    exit 1\nfi\n# This output is used by Xcode 'outputs' to avoid re-running this script phase.\necho \"SUCCESS\" > \"${SCRIPT_OUTPUT_FILE_0}\"\n";
			showEnvVarsInLog = 0;
		};
/* End PBXShellScriptBuildPhase section */

/* Begin PBXSourcesBuildPhase section */
		F7DA6C6C2434C9040029C4A0 /* Sources */ = {
			isa = PBXSourcesBuildPhase;
			buildActionMask = 2147483647;
			files = (
				F7DA6C782434C9040029C4A0 /* YandexMapViewController.swift in Sources */,
				F7DA6C742434C9040029C4A0 /* AppDelegate.swift in Sources */,
				F7DA6C882434E71B0029C4A0 /* GoogleMapViewController.swift in Sources */,
				F7DA6C8A2434E7280029C4A0 /* AppleMapViewController.swift in Sources */,
				F7DA6C762434C9040029C4A0 /* SceneDelegate.swift in Sources */,
				F7DA6C8E2435F3660029C4A0 /* DataModel.swift in Sources */,
			);
			runOnlyForDeploymentPostprocessing = 0;
		};
/* End PBXSourcesBuildPhase section */

/* Begin PBXVariantGroup section */
		F7DA6C792434C9040029C4A0 /* Main.storyboard */ = {
			isa = PBXVariantGroup;
			children = (
				F7DA6C7A2434C9040029C4A0 /* Base */,
			);
			name = Main.storyboard;
			sourceTree = "<group>";
		};
		F7DA6C7E2434C9080029C4A0 /* LaunchScreen.storyboard */ = {
			isa = PBXVariantGroup;
			children = (
				F7DA6C7F2434C9080029C4A0 /* Base */,
			);
			name = LaunchScreen.storyboard;
			sourceTree = "<group>";
		};
/* End PBXVariantGroup section */

/* Begin XCBuildConfiguration section */
		F7DA6C822434C9080029C4A0 /* Debug */ = {
			isa = XCBuildConfiguration;
			buildSettings = {
				ALWAYS_SEARCH_USER_PATHS = NO;
				CLANG_ANALYZER_NONNULL = YES;
				CLANG_ANALYZER_NUMBER_OBJECT_CONVERSION = YES_AGGRESSIVE;
				CLANG_CXX_LANGUAGE_STANDARD = "gnu++14";
				CLANG_CXX_LIBRARY = "libc++";
				CLANG_ENABLE_MODULES = YES;
				CLANG_ENABLE_OBJC_ARC = YES;
				CLANG_ENABLE_OBJC_WEAK = YES;
				CLANG_WARN_BLOCK_CAPTURE_AUTORELEASING = YES;
				CLANG_WARN_BOOL_CONVERSION = YES;
				CLANG_WARN_COMMA = YES;
				CLANG_WARN_CONSTANT_CONVERSION = YES;
				CLANG_WARN_DEPRECATED_OBJC_IMPLEMENTATIONS = YES;
				CLANG_WARN_DIRECT_OBJC_ISA_USAGE = YES_ERROR;
				CLANG_WARN_DOCUMENTATION_COMMENTS = YES;
				CLANG_WARN_EMPTY_BODY = YES;
				CLANG_WARN_ENUM_CONVERSION = YES;
				CLANG_WARN_INFINITE_RECURSION = YES;
				CLANG_WARN_INT_CONVERSION = YES;
				CLANG_WARN_NON_LITERAL_NULL_CONVERSION = YES;
				CLANG_WARN_OBJC_IMPLICIT_RETAIN_SELF = YES;
				CLANG_WARN_OBJC_LITERAL_CONVERSION = YES;
				CLANG_WARN_OBJC_ROOT_CLASS = YES_ERROR;
				CLANG_WARN_RANGE_LOOP_ANALYSIS = YES;
				CLANG_WARN_STRICT_PROTOTYPES = YES;
				CLANG_WARN_SUSPICIOUS_MOVE = YES;
				CLANG_WARN_UNGUARDED_AVAILABILITY = YES_AGGRESSIVE;
				CLANG_WARN_UNREACHABLE_CODE = YES;
				CLANG_WARN__DUPLICATE_METHOD_MATCH = YES;
				COPY_PHASE_STRIP = NO;
				DEBUG_INFORMATION_FORMAT = dwarf;
				ENABLE_STRICT_OBJC_MSGSEND = YES;
				ENABLE_TESTABILITY = YES;
				GCC_C_LANGUAGE_STANDARD = gnu11;
				GCC_DYNAMIC_NO_PIC = NO;
				GCC_NO_COMMON_BLOCKS = YES;
				GCC_OPTIMIZATION_LEVEL = 0;
				GCC_PREPROCESSOR_DEFINITIONS = (
					"DEBUG=1",
					"$(inherited)",
				);
				GCC_WARN_64_TO_32_BIT_CONVERSION = YES;
				GCC_WARN_ABOUT_RETURN_TYPE = YES_ERROR;
				GCC_WARN_UNDECLARED_SELECTOR = YES;
				GCC_WARN_UNINITIALIZED_AUTOS = YES_AGGRESSIVE;
				GCC_WARN_UNUSED_FUNCTION = YES;
				GCC_WARN_UNUSED_VARIABLE = YES;
				IPHONEOS_DEPLOYMENT_TARGET = 13.4;
				MTL_ENABLE_DEBUG_INFO = INCLUDE_SOURCE;
				MTL_FAST_MATH = YES;
				ONLY_ACTIVE_ARCH = YES;
				SDKROOT = iphoneos;
				SWIFT_ACTIVE_COMPILATION_CONDITIONS = DEBUG;
				SWIFT_OPTIMIZATION_LEVEL = "-Onone";
			};
			name = Debug;
		};
		F7DA6C832434C9080029C4A0 /* Release */ = {
			isa = XCBuildConfiguration;
			buildSettings = {
				ALWAYS_SEARCH_USER_PATHS = NO;
				CLANG_ANALYZER_NONNULL = YES;
				CLANG_ANALYZER_NUMBER_OBJECT_CONVERSION = YES_AGGRESSIVE;
				CLANG_CXX_LANGUAGE_STANDARD = "gnu++14";
				CLANG_CXX_LIBRARY = "libc++";
				CLANG_ENABLE_MODULES = YES;
				CLANG_ENABLE_OBJC_ARC = YES;
				CLANG_ENABLE_OBJC_WEAK = YES;
				CLANG_WARN_BLOCK_CAPTURE_AUTORELEASING = YES;
				CLANG_WARN_BOOL_CONVERSION = YES;
				CLANG_WARN_COMMA = YES;
				CLANG_WARN_CONSTANT_CONVERSION = YES;
				CLANG_WARN_DEPRECATED_OBJC_IMPLEMENTATIONS = YES;
				CLANG_WARN_DIRECT_OBJC_ISA_USAGE = YES_ERROR;
				CLANG_WARN_DOCUMENTATION_COMMENTS = YES;
				CLANG_WARN_EMPTY_BODY = YES;
				CLANG_WARN_ENUM_CONVERSION = YES;
				CLANG_WARN_INFINITE_RECURSION = YES;
				CLANG_WARN_INT_CONVERSION = YES;
				CLANG_WARN_NON_LITERAL_NULL_CONVERSION = YES;
				CLANG_WARN_OBJC_IMPLICIT_RETAIN_SELF = YES;
				CLANG_WARN_OBJC_LITERAL_CONVERSION = YES;
				CLANG_WARN_OBJC_ROOT_CLASS = YES_ERROR;
				CLANG_WARN_RANGE_LOOP_ANALYSIS = YES;
				CLANG_WARN_STRICT_PROTOTYPES = YES;
				CLANG_WARN_SUSPICIOUS_MOVE = YES;
				CLANG_WARN_UNGUARDED_AVAILABILITY = YES_AGGRESSIVE;
				CLANG_WARN_UNREACHABLE_CODE = YES;
				CLANG_WARN__DUPLICATE_METHOD_MATCH = YES;
				COPY_PHASE_STRIP = NO;
				DEBUG_INFORMATION_FORMAT = "dwarf-with-dsym";
				ENABLE_NS_ASSERTIONS = NO;
				ENABLE_STRICT_OBJC_MSGSEND = YES;
				GCC_C_LANGUAGE_STANDARD = gnu11;
				GCC_NO_COMMON_BLOCKS = YES;
				GCC_WARN_64_TO_32_BIT_CONVERSION = YES;
				GCC_WARN_ABOUT_RETURN_TYPE = YES_ERROR;
				GCC_WARN_UNDECLARED_SELECTOR = YES;
				GCC_WARN_UNINITIALIZED_AUTOS = YES_AGGRESSIVE;
				GCC_WARN_UNUSED_FUNCTION = YES;
				GCC_WARN_UNUSED_VARIABLE = YES;
				IPHONEOS_DEPLOYMENT_TARGET = 13.4;
				MTL_ENABLE_DEBUG_INFO = NO;
				MTL_FAST_MATH = YES;
				SDKROOT = iphoneos;
				SWIFT_COMPILATION_MODE = wholemodule;
				SWIFT_OPTIMIZATION_LEVEL = "-O";
				VALIDATE_PRODUCT = YES;
			};
			name = Release;
		};
		F7DA6C852434C9080029C4A0 /* Debug */ = {
			isa = XCBuildConfiguration;
			baseConfigurationReference = 15470AC1B843F2338D6824C6 /* Pods-MapKit_2_10.debug.xcconfig */;
			buildSettings = {
				ASSETCATALOG_COMPILER_APPICON_NAME = AppIcon;
				CODE_SIGN_STYLE = Automatic;
				DEVELOPMENT_TEAM = 9H4ZLWV74V;
				INFOPLIST_FILE = MapKit_2_10/Info.plist;
				LD_RUNPATH_SEARCH_PATHS = (
					"$(inherited)",
					"@executable_path/Frameworks",
				);
				PRODUCT_BUNDLE_IDENTIFIER = "LY.MapKit-2-10";
				PRODUCT_NAME = "$(TARGET_NAME)";
				SWIFT_VERSION = 5.0;
				TARGETED_DEVICE_FAMILY = "1,2";
			};
			name = Debug;
		};
		F7DA6C862434C9080029C4A0 /* Release */ = {
			isa = XCBuildConfiguration;
			baseConfigurationReference = 52C656E4FB70D7C5A959A20E /* Pods-MapKit_2_10.release.xcconfig */;
			buildSettings = {
				ASSETCATALOG_COMPILER_APPICON_NAME = AppIcon;
				CODE_SIGN_STYLE = Automatic;
				DEVELOPMENT_TEAM = 9H4ZLWV74V;
				INFOPLIST_FILE = MapKit_2_10/Info.plist;
				LD_RUNPATH_SEARCH_PATHS = (
					"$(inherited)",
					"@executable_path/Frameworks",
				);
				PRODUCT_BUNDLE_IDENTIFIER = "LY.MapKit-2-10";
				PRODUCT_NAME = "$(TARGET_NAME)";
				SWIFT_VERSION = 5.0;
				TARGETED_DEVICE_FAMILY = "1,2";
			};
			name = Release;
		};
/* End XCBuildConfiguration section */

/* Begin XCConfigurationList section */
		F7DA6C6B2434C9040029C4A0 /* Build configuration list for PBXProject "MapKit_2_10" */ = {
			isa = XCConfigurationList;
			buildConfigurations = (
				F7DA6C822434C9080029C4A0 /* Debug */,
				F7DA6C832434C9080029C4A0 /* Release */,
			);
			defaultConfigurationIsVisible = 0;
			defaultConfigurationName = Release;
		};
		F7DA6C842434C9080029C4A0 /* Build configuration list for PBXNativeTarget "MapKit_2_10" */ = {
			isa = XCConfigurationList;
			buildConfigurations = (
				F7DA6C852434C9080029C4A0 /* Debug */,
				F7DA6C862434C9080029C4A0 /* Release */,
			);
			defaultConfigurationIsVisible = 0;
			defaultConfigurationName = Release;
		};
/* End XCConfigurationList section */
	};
	rootObject = F7DA6C682434C9040029C4A0 /* Project object */;
}
